
Microsoft Visual Studio Solution File, Format Version 12.00
# Visual Studio Version 17
VisualStudioVersion = 17.7.34202.233
MinimumVisualStudioVersion = 10.0.40219.1
Project("{FAE04EC0-301F-11D3-BF4B-00C04F79EFBC}") = "TextBasedPerpetualStew", "TextBasedPerpetualStew\TextBasedPerpetualStew.csproj", "{10E15523-249E-45A8-9830-961C347AC79D}"
EndProject
Global
	GlobalSection(SolutionConfigurationPlatforms) = preSolution
		Debug|Any CPU = Debug|Any CPU
		Release|Any CPU = Release|Any CPU
	EndGlobalSection
	GlobalSection(ProjectConfigurationPlatforms) = postSolution
		{10E15523-249E-45A8-9830-961C347AC79D}.Debug|Any CPU.ActiveCfg = Debug|Any CPU
		{10E15523-249E-45A8-9830-961C347AC79D}.Debug|Any CPU.Build.0 = Debug|Any CPU
		{10E15523-249E-45A8-9830-961C347AC79D}.Release|Any CPU.ActiveCfg = Release|Any CPU
		{10E15523-249E-45A8-9830-961C347AC79D}.Release|Any CPU.Build.0 = Release|Any CPU
	EndGlobalSection
	GlobalSection(SolutionProperties) = preSolution
		HideSolutionNode = FALSE
	EndGlobalSection
	GlobalSection(ExtensibilityGlobals) = postSolution
		SolutionGuid = {40D10BCB-CA0B-496B-A02C-E3D66D3C5ABD}
	EndGlobalSection
EndGlobal
